
Microsoft Visual Studio Solution File, Format Version 12.00
# Visual Studio Version 17
VisualStudioVersion = 17.3.32922.545
MinimumVisualStudioVersion = 10.0.40219.1
Project("{2150E333-8FDC-42A3-9474-1A3956D46DE8}") = "Src", "Src", "{3327B3CE-7492-4CF3-A866-A3C1DBD0A5A5}"
EndProject
Project("{2150E333-8FDC-42A3-9474-1A3956D46DE8}") = "sample", "sample", "{FA8572BB-0AD4-44D7-BA8D-596C52867799}"
EndProject
Project("{2150E333-8FDC-42A3-9474-1A3956D46DE8}") = "test", "test", "{FFDF3C94-97A5-4902-9582-F3F1644E5331}"
EndProject
Project("{9A19103F-16F7-4668-BE54-9A1E7A4F7556}") = "TwentyDevs.Result", "src\TwentyDevs.Result\TwentyDevs.Result.csproj", "{B7EEE09C-9C1F-4157-BEC6-F8A618A983A0}"
EndProject
Project("{9A19103F-16F7-4668-BE54-9A1E7A4F7556}") = "Result.Test", "test\Result.Test\Result.Test.csproj", "{7DA7D516-7C77-4DE1-A5BF-0A56F17246E6}"
EndProject
Project("{2150E333-8FDC-42A3-9474-1A3956D46DE8}") = "Solution Items", "Solution Items", "{15EADEC3-2724-4BFB-8A5F-A934BD65356E}"
	ProjectSection(SolutionItems) = preProject
		.editorconfig = .editorconfig
	EndProjectSection
EndProject
Project("{9A19103F-16F7-4668-BE54-9A1E7A4F7556}") = "WebApi", "sample\WebApi\WebApi.csproj", "{5CCA3515-2301-48D7-A207-E01A9F5AB090}"
EndProject
Project("{9A19103F-16F7-4668-BE54-9A1E7A4F7556}") = "TwentyDevs.ResultCore", "src\TwentyDevs.ResultCore\TwentyDevs.ResultCore.csproj", "{5D54578D-2BB3-4B63-BF61-A01D80469B2C}"
EndProject
Project("{9A19103F-16F7-4668-BE54-9A1E7A4F7556}") = "WebApi7", "sample\WebApi7\WebApi7.csproj", "{D3E52E16-C143-4849-ADCE-BE37F6571C58}"
EndProject
Project("{FAE04EC0-301F-11D3-BF4B-00C04F79EFBC}") = "ResultCore.Test", "test\ResultCore.Test\ResultCore.Test.csproj", "{24376E21-B299-43D8-8054-C4ECC12DC78D}"
EndProject
Global
	GlobalSection(SolutionConfigurationPlatforms) = preSolution
		Debug|Any CPU = Debug|Any CPU
		Release|Any CPU = Release|Any CPU
	EndGlobalSection
	GlobalSection(ProjectConfigurationPlatforms) = postSolution
		{B7EEE09C-9C1F-4157-BEC6-F8A618A983A0}.Debug|Any CPU.ActiveCfg = Debug|Any CPU
		{B7EEE09C-9C1F-4157-BEC6-F8A618A983A0}.Debug|Any CPU.Build.0 = Debug|Any CPU
		{B7EEE09C-9C1F-4157-BEC6-F8A618A983A0}.Release|Any CPU.ActiveCfg = Release|Any CPU
		{B7EEE09C-9C1F-4157-BEC6-F8A618A983A0}.Release|Any CPU.Build.0 = Release|Any CPU
		{7DA7D516-7C77-4DE1-A5BF-0A56F17246E6}.Debug|Any CPU.ActiveCfg = Debug|Any CPU
		{7DA7D516-7C77-4DE1-A5BF-0A56F17246E6}.Debug|Any CPU.Build.0 = Debug|Any CPU
		{7DA7D516-7C77-4DE1-A5BF-0A56F17246E6}.Release|Any CPU.ActiveCfg = Release|Any CPU
		{7DA7D516-7C77-4DE1-A5BF-0A56F17246E6}.Release|Any CPU.Build.0 = Release|Any CPU
		{5CCA3515-2301-48D7-A207-E01A9F5AB090}.Debug|Any CPU.ActiveCfg = Debug|Any CPU
		{5CCA3515-2301-48D7-A207-E01A9F5AB090}.Debug|Any CPU.Build.0 = Debug|Any CPU
		{5CCA3515-2301-48D7-A207-E01A9F5AB090}.Release|Any CPU.ActiveCfg = Release|Any CPU
		{5CCA3515-2301-48D7-A207-E01A9F5AB090}.Release|Any CPU.Build.0 = Release|Any CPU
		{5D54578D-2BB3-4B63-BF61-A01D80469B2C}.Debug|Any CPU.ActiveCfg = Debug|Any CPU
		{5D54578D-2BB3-4B63-BF61-A01D80469B2C}.Debug|Any CPU.Build.0 = Debug|Any CPU
		{5D54578D-2BB3-4B63-BF61-A01D80469B2C}.Release|Any CPU.ActiveCfg = Release|Any CPU
		{5D54578D-2BB3-4B63-BF61-A01D80469B2C}.Release|Any CPU.Build.0 = Release|Any CPU
		{D3E52E16-C143-4849-ADCE-BE37F6571C58}.Debug|Any CPU.ActiveCfg = Debug|Any CPU
		{D3E52E16-C143-4849-ADCE-BE37F6571C58}.Debug|Any CPU.Build.0 = Debug|Any CPU
		{D3E52E16-C143-4849-ADCE-BE37F6571C58}.Release|Any CPU.ActiveCfg = Release|Any CPU
		{D3E52E16-C143-4849-ADCE-BE37F6571C58}.Release|Any CPU.Build.0 = Release|Any CPU
		{24376E21-B299-43D8-8054-C4ECC12DC78D}.Debug|Any CPU.ActiveCfg = Debug|Any CPU
		{24376E21-B299-43D8-8054-C4ECC12DC78D}.Debug|Any CPU.Build.0 = Debug|Any CPU
		{24376E21-B299-43D8-8054-C4ECC12DC78D}.Release|Any CPU.ActiveCfg = Release|Any CPU
		{24376E21-B299-43D8-8054-C4ECC12DC78D}.Release|Any CPU.Build.0 = Release|Any CPU
	EndGlobalSection
	GlobalSection(SolutionProperties) = preSolution
		HideSolutionNode = FALSE
	EndGlobalSection
	GlobalSection(NestedProjects) = preSolution
		{B7EEE09C-9C1F-4157-BEC6-F8A618A983A0} = {3327B3CE-7492-4CF3-A866-A3C1DBD0A5A5}
		{7DA7D516-7C77-4DE1-A5BF-0A56F17246E6} = {FFDF3C94-97A5-4902-9582-F3F1644E5331}
		{5CCA3515-2301-48D7-A207-E01A9F5AB090} = {FA8572BB-0AD4-44D7-BA8D-596C52867799}
		{5D54578D-2BB3-4B63-BF61-A01D80469B2C} = {3327B3CE-7492-4CF3-A866-A3C1DBD0A5A5}
		{D3E52E16-C143-4849-ADCE-BE37F6571C58} = {FA8572BB-0AD4-44D7-BA8D-596C52867799}
		{24376E21-B299-43D8-8054-C4ECC12DC78D} = {FFDF3C94-97A5-4902-9582-F3F1644E5331}
	EndGlobalSection
	GlobalSection(ExtensibilityGlobals) = postSolution
		SolutionGuid = {98FD2970-3885-4EC1-93BE-C5BEF29F6ED2}
	EndGlobalSection
EndGlobal
